
Microsoft Visual Studio Solution File, Format Version 12.00
# Visual Studio Version 17
VisualStudioVersion = 17.9.34728.123
MinimumVisualStudioVersion = 10.0.40219.1
Project("{FAE04EC0-301F-11D3-BF4B-00C04F79EFBC}") = "WebApp-WT_Expt5", "WebApp-WT_Expt5\WebApp-WT_Expt5.csproj", "{7E58D7AD-CFFA-4532-BCFB-DE265E6BC182}"
EndProject
Global
	GlobalSection(SolutionConfigurationPlatforms) = preSolution
		Debug|Any CPU = Debug|Any CPU
		Release|Any CPU = Release|Any CPU
	EndGlobalSection
	GlobalSection(ProjectConfigurationPlatforms) = postSolution
		{7E58D7AD-CFFA-4532-BCFB-DE265E6BC182}.Debug|Any CPU.ActiveCfg = Debug|Any CPU
		{7E58D7AD-CFFA-4532-BCFB-DE265E6BC182}.Debug|Any CPU.Build.0 = Debug|Any CPU
		{7E58D7AD-CFFA-4532-BCFB-DE265E6BC182}.Release|Any CPU.ActiveCfg = Release|Any CPU
		{7E58D7AD-CFFA-4532-BCFB-DE265E6BC182}.Release|Any CPU.Build.0 = Release|Any CPU
	EndGlobalSection
	GlobalSection(SolutionProperties) = preSolution
		HideSolutionNode = FALSE
	EndGlobalSection
	GlobalSection(ExtensibilityGlobals) = postSolution
		SolutionGuid = {00A2341D-96CB-48A0-A799-0F21E612C2A7}
	EndGlobalSection
EndGlobal
